// !$*UTF8*$!
{
	archiveVersion = 1;
	classes = {
	};
	objectVersion = 46;
	objects = {

/* Begin PBXBuildFile section */
		D70398D41BDAE17B00E034E3 /* Coin.wav in Resources */ = {isa = PBXBuildFile; fileRef = D70398C61BDAE17B00E034E3 /* Coin.wav */; settings = {ASSET_TAGS = (); }; };
		D70398D51BDAE17B00E034E3 /* Cowbell.wav in Resources */ = {isa = PBXBuildFile; fileRef = D70398C71BDAE17B00E034E3 /* Cowbell.wav */; settings = {ASSET_TAGS = (); }; };
		D70398D61BDAE17B00E034E3 /* Crash.wav in Resources */ = {isa = PBXBuildFile; fileRef = D70398C81BDAE17B00E034E3 /* Crash.wav */; settings = {ASSET_TAGS = (); }; };
		D70398D71BDAE17B00E034E3 /* Fart.wav in Resources */ = {isa = PBXBuildFile; fileRef = D70398C91BDAE17B00E034E3 /* Fart.wav */; settings = {ASSET_TAGS = (); }; };
		D70398D81BDAE17B00E034E3 /* GetAss.wav in Resources */ = {isa = PBXBuildFile; fileRef = D70398CA1BDAE17B00E034E3 /* GetAss.wav */; settings = {ASSET_TAGS = (); }; };
		D70398D91BDAE17B00E034E3 /* Horn.wav in Resources */ = {isa = PBXBuildFile; fileRef = D70398CB1BDAE17B00E034E3 /* Horn.wav */; settings = {ASSET_TAGS = (); }; };
		D70398DA1BDAE17B00E034E3 /* MudOrChocolate.wav in Resources */ = {isa = PBXBuildFile; fileRef = D70398CC1BDAE17B00E034E3 /* MudOrChocolate.wav */; settings = {ASSET_TAGS = (); }; };
		D70398DB1BDAE17B00E034E3 /* MyMan.wav in Resources */ = {isa = PBXBuildFile; fileRef = D70398CD1BDAE17B00E034E3 /* MyMan.wav */; settings = {ASSET_TAGS = (); }; };
		D70398DC1BDAE17B00E034E3 /* NiceJob.wav in Resources */ = {isa = PBXBuildFile; fileRef = D70398CE1BDAE17B00E034E3 /* NiceJob.wav */; settings = {ASSET_TAGS = (); }; };
		D70398DD1BDAE17B00E034E3 /* SadBone.wav in Resources */ = {isa = PBXBuildFile; fileRef = D70398CF1BDAE17B00E034E3 /* SadBone.wav */; settings = {ASSET_TAGS = (); }; };
		D70398DE1BDAE17B00E034E3 /* Schwing.wav in Resources */ = {isa = PBXBuildFile; fileRef = D70398D01BDAE17B00E034E3 /* Schwing.wav */; settings = {ASSET_TAGS = (); }; };
		D70398DF1BDAE17B00E034E3 /* SlowDown.wav in Resources */ = {isa = PBXBuildFile; fileRef = D70398D11BDAE17B00E034E3 /* SlowDown.wav */; settings = {ASSET_TAGS = (); }; };
		D70398E01BDAE17B00E034E3 /* TurnDown.wav in Resources */ = {isa = PBXBuildFile; fileRef = D70398D21BDAE17B00E034E3 /* TurnDown.wav */; settings = {ASSET_TAGS = (); }; };
		D70398E11BDAE17B00E034E3 /* WaveRace.wav in Resources */ = {isa = PBXBuildFile; fileRef = D70398D31BDAE17B00E034E3 /* WaveRace.wav */; settings = {ASSET_TAGS = (); }; };
		D74E126C1BD89C1300D56590 /* AAAudioFileSampler.m in Sources */ = {isa = PBXBuildFile; fileRef = D74E126B1BD89C1300D56590 /* AAAudioFileSampler.m */; settings = {ASSET_TAGS = (); }; };
		D74E12711BD8A6FD00D56590 /* FileSamples.plist in Resources */ = {isa = PBXBuildFile; fileRef = D74E12701BD8A6FD00D56590 /* FileSamples.plist */; settings = {ASSET_TAGS = (); }; };
		D756B08D19A0000A00138314 /* AudioToolbox.framework in Frameworks */ = {isa = PBXBuildFile; fileRef = D756B08C19A0000A00138314 /* AudioToolbox.framework */; };
		D7E3E8FF1BD9E3E8007356EF /* LaunchScreen.storyboard in Resources */ = {isa = PBXBuildFile; fileRef = D7E3E8FE1BD9E3E8007356EF /* LaunchScreen.storyboard */; settings = {ASSET_TAGS = (); }; };
		D7F7CBD419A2C6D300B5C390 /* QuartzCore.framework in Frameworks */ = {isa = PBXBuildFile; fileRef = D7F7CBD319A2C6D300B5C390 /* QuartzCore.framework */; };
		D7F7CBD919A303FA00B5C390 /* CoreMotion.framework in Frameworks */ = {isa = PBXBuildFile; fileRef = D7F7CBD819A303FA00B5C390 /* CoreMotion.framework */; };
		D7F9D13C199FE697003CD7D6 /* Foundation.framework in Frameworks */ = {isa = PBXBuildFile; fileRef = D7F9D13B199FE697003CD7D6 /* Foundation.framework */; };
		D7F9D13E199FE697003CD7D6 /* CoreGraphics.framework in Frameworks */ = {isa = PBXBuildFile; fileRef = D7F9D13D199FE697003CD7D6 /* CoreGraphics.framework */; };
		D7F9D140199FE697003CD7D6 /* UIKit.framework in Frameworks */ = {isa = PBXBuildFile; fileRef = D7F9D13F199FE697003CD7D6 /* UIKit.framework */; };
		D7F9D146199FE697003CD7D6 /* InfoPlist.strings in Resources */ = {isa = PBXBuildFile; fileRef = D7F9D144199FE697003CD7D6 /* InfoPlist.strings */; };
		D7F9D148199FE697003CD7D6 /* main.m in Sources */ = {isa = PBXBuildFile; fileRef = D7F9D147199FE697003CD7D6 /* main.m */; };
		D7F9D14C199FE697003CD7D6 /* AppDelegate.m in Sources */ = {isa = PBXBuildFile; fileRef = D7F9D14B199FE697003CD7D6 /* AppDelegate.m */; };
		D7F9D14F199FE697003CD7D6 /* Main.storyboard in Resources */ = {isa = PBXBuildFile; fileRef = D7F9D14D199FE697003CD7D6 /* Main.storyboard */; };
		D7F9D152199FE697003CD7D6 /* ViewController.m in Sources */ = {isa = PBXBuildFile; fileRef = D7F9D151199FE697003CD7D6 /* ViewController.m */; };
		D7F9D154199FE697003CD7D6 /* Images.xcassets in Resources */ = {isa = PBXBuildFile; fileRef = D7F9D153199FE697003CD7D6 /* Images.xcassets */; };
/* End PBXBuildFile section */

/* Begin PBXFileReference section */
		D70398C61BDAE17B00E034E3 /* Coin.wav */ = {isa = PBXFileReference; lastKnownFileType = audio.wav; name = Coin.wav; path = Samples/Coin.wav; sourceTree = "<group>"; };
		D70398C71BDAE17B00E034E3 /* Cowbell.wav */ = {isa = PBXFileReference; lastKnownFileType = audio.wav; name = Cowbell.wav; path = Samples/Cowbell.wav; sourceTree = "<group>"; };
		D70398C81BDAE17B00E034E3 /* Crash.wav */ = {isa = PBXFileReference; lastKnownFileType = audio.wav; name = Crash.wav; path = Samples/Crash.wav; sourceTree = "<group>"; };
		D70398C91BDAE17B00E034E3 /* Fart.wav */ = {isa = PBXFileReference; lastKnownFileType = audio.wav; name = Fart.wav; path = Samples/Fart.wav; sourceTree = "<group>"; };
		D70398CA1BDAE17B00E034E3 /* GetAss.wav */ = {isa = PBXFileReference; lastKnownFileType = audio.wav; name = GetAss.wav; path = Samples/GetAss.wav; sourceTree = "<group>"; };
		D70398CB1BDAE17B00E034E3 /* Horn.wav */ = {isa = PBXFileReference; lastKnownFileType = audio.wav; name = Horn.wav; path = Samples/Horn.wav; sourceTree = "<group>"; };
		D70398CC1BDAE17B00E034E3 /* MudOrChocolate.wav */ = {isa = PBXFileReference; lastKnownFileType = audio.wav; name = MudOrChocolate.wav; path = Samples/MudOrChocolate.wav; sourceTree = "<group>"; };
		D70398CD1BDAE17B00E034E3 /* MyMan.wav */ = {isa = PBXFileReference; lastKnownFileType = audio.wav; name = MyMan.wav; path = Samples/MyMan.wav; sourceTree = "<group>"; };
		D70398CE1BDAE17B00E034E3 /* NiceJob.wav */ = {isa = PBXFileReference; lastKnownFileType = audio.wav; name = NiceJob.wav; path = Samples/NiceJob.wav; sourceTree = "<group>"; };
		D70398CF1BDAE17B00E034E3 /* SadBone.wav */ = {isa = PBXFileReference; lastKnownFileType = audio.wav; name = SadBone.wav; path = Samples/SadBone.wav; sourceTree = "<group>"; };
		D70398D01BDAE17B00E034E3 /* Schwing.wav */ = {isa = PBXFileReference; lastKnownFileType = audio.wav; name = Schwing.wav; path = Samples/Schwing.wav; sourceTree = "<group>"; };
		D70398D11BDAE17B00E034E3 /* SlowDown.wav */ = {isa = PBXFileReference; lastKnownFileType = audio.wav; name = SlowDown.wav; path = Samples/SlowDown.wav; sourceTree = "<group>"; };
		D70398D21BDAE17B00E034E3 /* TurnDown.wav */ = {isa = PBXFileReference; lastKnownFileType = audio.wav; name = TurnDown.wav; path = Samples/TurnDown.wav; sourceTree = "<group>"; };
		D70398D31BDAE17B00E034E3 /* WaveRace.wav */ = {isa = PBXFileReference; lastKnownFileType = audio.wav; name = WaveRace.wav; path = Samples/WaveRace.wav; sourceTree = "<group>"; };
		D74E126A1BD89C1300D56590 /* AAAudioFileSampler.h */ = {isa = PBXFileReference; fileEncoding = 4; lastKnownFileType = sourcecode.c.h; path = AAAudioFileSampler.h; sourceTree = "<group>"; };
		D74E126B1BD89C1300D56590 /* AAAudioFileSampler.m */ = {isa = PBXFileReference; fileEncoding = 4; lastKnownFileType = sourcecode.c.objc; path = AAAudioFileSampler.m; sourceTree = "<group>"; };
		D74E12701BD8A6FD00D56590 /* FileSamples.plist */ = {isa = PBXFileReference; fileEncoding = 4; lastKnownFileType = text.plist.xml; path = FileSamples.plist; sourceTree = "<group>"; };
		D756B08C19A0000A00138314 /* AudioToolbox.framework */ = {isa = PBXFileReference; lastKnownFileType = wrapper.framework; name = AudioToolbox.framework; path = System/Library/Frameworks/AudioToolbox.framework; sourceTree = SDKROOT; };
		D7E3E8FE1BD9E3E8007356EF /* LaunchScreen.storyboard */ = {isa = PBXFileReference; fileEncoding = 4; lastKnownFileType = file.storyboard; path = LaunchScreen.storyboard; sourceTree = "<group>"; };
		D7E3E9021BD9F42A007356EF /* Info.plist */ = {isa = PBXFileReference; lastKnownFileType = text.plist.xml; name = Info.plist; path = ../../../AudioArmada/PhenomRBA/PhenomRBA/Info.plist; sourceTree = "<group>"; };
		D7F7CBD319A2C6D300B5C390 /* QuartzCore.framework */ = {isa = PBXFileReference; lastKnownFileType = wrapper.framework; name = QuartzCore.framework; path = System/Library/Frameworks/QuartzCore.framework; sourceTree = SDKROOT; };
		D7F7CBD819A303FA00B5C390 /* CoreMotion.framework */ = {isa = PBXFileReference; lastKnownFileType = wrapper.framework; name = CoreMotion.framework; path = System/Library/Frameworks/CoreMotion.framework; sourceTree = SDKROOT; };
		D7F9D138199FE697003CD7D6 /* PHNM.app */ = {isa = PBXFileReference; explicitFileType = wrapper.application; includeInIndex = 0; path = PHNM.app; sourceTree = BUILT_PRODUCTS_DIR; };
		D7F9D13B199FE697003CD7D6 /* Foundation.framework */ = {isa = PBXFileReference; lastKnownFileType = wrapper.framework; name = Foundation.framework; path = System/Library/Frameworks/Foundation.framework; sourceTree = SDKROOT; };
		D7F9D13D199FE697003CD7D6 /* CoreGraphics.framework */ = {isa = PBXFileReference; lastKnownFileType = wrapper.framework; name = CoreGraphics.framework; path = System/Library/Frameworks/CoreGraphics.framework; sourceTree = SDKROOT; };
		D7F9D13F199FE697003CD7D6 /* UIKit.framework */ = {isa = PBXFileReference; lastKnownFileType = wrapper.framework; name = UIKit.framework; path = System/Library/Frameworks/UIKit.framework; sourceTree = SDKROOT; };
		D7F9D145199FE697003CD7D6 /* en */ = {isa = PBXFileReference; lastKnownFileType = text.plist.strings; name = en; path = en.lproj/InfoPlist.strings; sourceTree = "<group>"; };
		D7F9D147199FE697003CD7D6 /* main.m */ = {isa = PBXFileReference; lastKnownFileType = sourcecode.c.objc; path = main.m; sourceTree = "<group>"; };
		D7F9D149199FE697003CD7D6 /* PhenomRBA-Prefix.pch */ = {isa = PBXFileReference; lastKnownFileType = sourcecode.c.h; path = "PhenomRBA-Prefix.pch"; sourceTree = "<group>"; };
		D7F9D14A199FE697003CD7D6 /* AppDelegate.h */ = {isa = PBXFileReference; lastKnownFileType = sourcecode.c.h; path = AppDelegate.h; sourceTree = "<group>"; };
		D7F9D14B199FE697003CD7D6 /* AppDelegate.m */ = {isa = PBXFileReference; lastKnownFileType = sourcecode.c.objc; path = AppDelegate.m; sourceTree = "<group>"; };
		D7F9D14E199FE697003CD7D6 /* Base */ = {isa = PBXFileReference; lastKnownFileType = file.storyboard; name = Base; path = Base.lproj/Main.storyboard; sourceTree = "<group>"; };
		D7F9D150199FE697003CD7D6 /* ViewController.h */ = {isa = PBXFileReference; lastKnownFileType = sourcecode.c.h; path = ViewController.h; sourceTree = "<group>"; };
		D7F9D151199FE697003CD7D6 /* ViewController.m */ = {isa = PBXFileReference; lastKnownFileType = sourcecode.c.objc; path = ViewController.m; sourceTree = "<group>"; };
		D7F9D153199FE697003CD7D6 /* Images.xcassets */ = {isa = PBXFileReference; lastKnownFileType = folder.assetcatalog; path = Images.xcassets; sourceTree = "<group>"; };
		D7F9D15A199FE697003CD7D6 /* XCTest.framework */ = {isa = PBXFileReference; lastKnownFileType = wrapper.framework; name = XCTest.framework; path = Library/Frameworks/XCTest.framework; sourceTree = DEVELOPER_DIR; };
/* End PBXFileReference section */

/* Begin PBXFrameworksBuildPhase section */
		D7F9D135199FE697003CD7D6 /* Frameworks */ = {
			isa = PBXFrameworksBuildPhase;
			buildActionMask = 2147483647;
			files = (
				D7F7CBD919A303FA00B5C390 /* CoreMotion.framework in Frameworks */,
				D7F7CBD419A2C6D300B5C390 /* QuartzCore.framework in Frameworks */,
				D756B08D19A0000A00138314 /* AudioToolbox.framework in Frameworks */,
				D7F9D13E199FE697003CD7D6 /* CoreGraphics.framework in Frameworks */,
				D7F9D140199FE697003CD7D6 /* UIKit.framework in Frameworks */,
				D7F9D13C199FE697003CD7D6 /* Foundation.framework in Frameworks */,
			);
			runOnlyForDeploymentPostprocessing = 0;
		};
/* End PBXFrameworksBuildPhase section */

/* Begin PBXGroup section */
		D74E12681BD89BC000D56590 /* Resources */ = {
			isa = PBXGroup;
			children = (
				D74E12741BD8A74400D56590 /* Samples */,
				D74E12701BD8A6FD00D56590 /* FileSamples.plist */,
				D7F9D14D199FE697003CD7D6 /* Main.storyboard */,
				D7E3E8FE1BD9E3E8007356EF /* LaunchScreen.storyboard */,
			);
			name = Resources;
			sourceTree = "<group>";
		};
		D74E12691BD89BE200D56590 /* Classes */ = {
			isa = PBXGroup;
			children = (
				D74E126A1BD89C1300D56590 /* AAAudioFileSampler.h */,
				D74E126B1BD89C1300D56590 /* AAAudioFileSampler.m */,
				D7F9D150199FE697003CD7D6 /* ViewController.h */,
				D7F9D151199FE697003CD7D6 /* ViewController.m */,
			);
			name = Classes;
			sourceTree = "<group>";
		};
		D74E12741BD8A74400D56590 /* Samples */ = {
			isa = PBXGroup;
			children = (
				D70398C61BDAE17B00E034E3 /* Coin.wav */,
				D70398C71BDAE17B00E034E3 /* Cowbell.wav */,
				D70398C81BDAE17B00E034E3 /* Crash.wav */,
				D70398C91BDAE17B00E034E3 /* Fart.wav */,
				D70398CA1BDAE17B00E034E3 /* GetAss.wav */,
				D70398CB1BDAE17B00E034E3 /* Horn.wav */,
				D70398CC1BDAE17B00E034E3 /* MudOrChocolate.wav */,
				D70398CD1BDAE17B00E034E3 /* MyMan.wav */,
				D70398CE1BDAE17B00E034E3 /* NiceJob.wav */,
				D70398CF1BDAE17B00E034E3 /* SadBone.wav */,
				D70398D01BDAE17B00E034E3 /* Schwing.wav */,
				D70398D11BDAE17B00E034E3 /* SlowDown.wav */,
				D70398D21BDAE17B00E034E3 /* TurnDown.wav */,
				D70398D31BDAE17B00E034E3 /* WaveRace.wav */,
			);
			name = Samples;
			sourceTree = "<group>";
		};
		D7F9D12F199FE697003CD7D6 = {
			isa = PBXGroup;
			children = (
				D7F9D141199FE697003CD7D6 /* PhenomRBA */,
				D7F9D13A199FE697003CD7D6 /* Frameworks */,
				D7F9D139199FE697003CD7D6 /* Products */,
			);
			sourceTree = "<group>";
		};
		D7F9D139199FE697003CD7D6 /* Products */ = {
			isa = PBXGroup;
			children = (
				D7F9D138199FE697003CD7D6 /* PHNM.app */,
			);
			name = Products;
			sourceTree = "<group>";
		};
		D7F9D13A199FE697003CD7D6 /* Frameworks */ = {
			isa = PBXGroup;
			children = (
				D7F7CBD819A303FA00B5C390 /* CoreMotion.framework */,
				D7F7CBD319A2C6D300B5C390 /* QuartzCore.framework */,
				D756B08C19A0000A00138314 /* AudioToolbox.framework */,
				D7F9D13B199FE697003CD7D6 /* Foundation.framework */,
				D7F9D13D199FE697003CD7D6 /* CoreGraphics.framework */,
				D7F9D13F199FE697003CD7D6 /* UIKit.framework */,
				D7F9D15A199FE697003CD7D6 /* XCTest.framework */,
			);
			name = Frameworks;
			sourceTree = "<group>";
		};
		D7F9D141199FE697003CD7D6 /* PhenomRBA */ = {
			isa = PBXGroup;
			children = (
				D7F9D14A199FE697003CD7D6 /* AppDelegate.h */,
				D7F9D14B199FE697003CD7D6 /* AppDelegate.m */,
				D74E12691BD89BE200D56590 /* Classes */,
				D74E12681BD89BC000D56590 /* Resources */,
				D7F9D153199FE697003CD7D6 /* Images.xcassets */,
				D7F9D142199FE697003CD7D6 /* Supporting Files */,
			);
			path = PhenomRBA;
			sourceTree = "<group>";
		};
		D7F9D142199FE697003CD7D6 /* Supporting Files */ = {
			isa = PBXGroup;
			children = (
				D7E3E9021BD9F42A007356EF /* Info.plist */,
				D7F9D144199FE697003CD7D6 /* InfoPlist.strings */,
				D7F9D147199FE697003CD7D6 /* main.m */,
				D7F9D149199FE697003CD7D6 /* PhenomRBA-Prefix.pch */,
			);
			name = "Supporting Files";
			sourceTree = "<group>";
		};
/* End PBXGroup section */

/* Begin PBXNativeTarget section */
		D7F9D137199FE697003CD7D6 /* PhenomRBA */ = {
			isa = PBXNativeTarget;
			buildConfigurationList = D7F9D16A199FE698003CD7D6 /* Build configuration list for PBXNativeTarget "PhenomRBA" */;
			buildPhases = (
				D7F9D134199FE697003CD7D6 /* Sources */,
				D7F9D135199FE697003CD7D6 /* Frameworks */,
				D7F9D136199FE697003CD7D6 /* Resources */,
			);
			buildRules = (
			);
			dependencies = (
			);
			name = PhenomRBA;
			productName = PhenomRBA;
			productReference = D7F9D138199FE697003CD7D6 /* PHNM.app */;
			productType = "com.apple.product-type.application";
		};
/* End PBXNativeTarget section */

/* Begin PBXProject section */
		D7F9D130199FE697003CD7D6 /* Project object */ = {
			isa = PBXProject;
			attributes = {
				LastUpgradeCheck = 0510;
				ORGANIZATIONNAME = "Audio Armada";
				TargetAttributes = {
					D7F9D137199FE697003CD7D6 = {
						DevelopmentTeam = TGW6PA8S8E;
					};
				};
			};
			buildConfigurationList = D7F9D133199FE697003CD7D6 /* Build configuration list for PBXProject "PHNM" */;
			compatibilityVersion = "Xcode 3.2";
			developmentRegion = English;
			hasScannedForEncodings = 0;
			knownRegions = (
				en,
				Base,
			);
			mainGroup = D7F9D12F199FE697003CD7D6;
			productRefGroup = D7F9D139199FE697003CD7D6 /* Products */;
			projectDirPath = "";
			projectRoot = "";
			targets = (
				D7F9D137199FE697003CD7D6 /* PhenomRBA */,
			);
		};
/* End PBXProject section */

/* Begin PBXResourcesBuildPhase section */
		D7F9D136199FE697003CD7D6 /* Resources */ = {
			isa = PBXResourcesBuildPhase;
			buildActionMask = 2147483647;
			files = (
				D74E12711BD8A6FD00D56590 /* FileSamples.plist in Resources */,
				D70398DC1BDAE17B00E034E3 /* NiceJob.wav in Resources */,
				D70398D91BDAE17B00E034E3 /* Horn.wav in Resources */,
				D70398DB1BDAE17B00E034E3 /* MyMan.wav in Resources */,
				D70398D41BDAE17B00E034E3 /* Coin.wav in Resources */,
				D70398DD1BDAE17B00E034E3 /* SadBone.wav in Resources */,
				D70398DF1BDAE17B00E034E3 /* SlowDown.wav in Resources */,
				D7E3E8FF1BD9E3E8007356EF /* LaunchScreen.storyboard in Resources */,
				D7F9D154199FE697003CD7D6 /* Images.xcassets in Resources */,
				D70398E11BDAE17B00E034E3 /* WaveRace.wav in Resources */,
				D70398D71BDAE17B00E034E3 /* Fart.wav in Resources */,
				D70398D81BDAE17B00E034E3 /* GetAss.wav in Resources */,
				D70398DE1BDAE17B00E034E3 /* Schwing.wav in Resources */,
				D70398DA1BDAE17B00E034E3 /* MudOrChocolate.wav in Resources */,
				D70398D51BDAE17B00E034E3 /* Cowbell.wav in Resources */,
				D7F9D146199FE697003CD7D6 /* InfoPlist.strings in Resources */,
				D70398E01BDAE17B00E034E3 /* TurnDown.wav in Resources */,
				D70398D61BDAE17B00E034E3 /* Crash.wav in Resources */,
				D7F9D14F199FE697003CD7D6 /* Main.storyboard in Resources */,
			);
			runOnlyForDeploymentPostprocessing = 0;
		};
/* End PBXResourcesBuildPhase section */

/* Begin PBXSourcesBuildPhase section */
		D7F9D134199FE697003CD7D6 /* Sources */ = {
			isa = PBXSourcesBuildPhase;
			buildActionMask = 2147483647;
			files = (
				D7F9D152199FE697003CD7D6 /* ViewController.m in Sources */,
				D7F9D14C199FE697003CD7D6 /* AppDelegate.m in Sources */,
				D7F9D148199FE697003CD7D6 /* main.m in Sources */,
				D74E126C1BD89C1300D56590 /* AAAudioFileSampler.m in Sources */,
			);
			runOnlyForDeploymentPostprocessing = 0;
		};
/* End PBXSourcesBuildPhase section */

/* Begin PBXVariantGroup section */
		D7F9D144199FE697003CD7D6 /* InfoPlist.strings */ = {
			isa = PBXVariantGroup;
			children = (
				D7F9D145199FE697003CD7D6 /* en */,
			);
			name = InfoPlist.strings;
			sourceTree = "<group>";
		};
		D7F9D14D199FE697003CD7D6 /* Main.storyboard */ = {
			isa = PBXVariantGroup;
			children = (
				D7F9D14E199FE697003CD7D6 /* Base */,
			);
			name = Main.storyboard;
			sourceTree = "<group>";
		};
/* End PBXVariantGroup section */

/* Begin XCBuildConfiguration section */
		D7F9D168199FE698003CD7D6 /* Debug */ = {
			isa = XCBuildConfiguration;
			buildSettings = {
				ALWAYS_SEARCH_USER_PATHS = NO;
				CLANG_CXX_LANGUAGE_STANDARD = "gnu++0x";
				CLANG_CXX_LIBRARY = "libc++";
				CLANG_ENABLE_MODULES = YES;
				CLANG_ENABLE_OBJC_ARC = YES;
				CLANG_WARN_BOOL_CONVERSION = YES;
				CLANG_WARN_CONSTANT_CONVERSION = YES;
				CLANG_WARN_DIRECT_OBJC_ISA_USAGE = YES_ERROR;
				CLANG_WARN_EMPTY_BODY = YES;
				CLANG_WARN_ENUM_CONVERSION = YES;
				CLANG_WARN_INT_CONVERSION = YES;
				CLANG_WARN_OBJC_ROOT_CLASS = YES_ERROR;
				CLANG_WARN__DUPLICATE_METHOD_MATCH = YES;
				CODE_SIGN_IDENTITY = "iPhone Developer: Corey Walo (8MPHLHR387)";
				"CODE_SIGN_IDENTITY[sdk=iphoneos*]" = "iPhone Developer: Corey Walo (42423EPDZ8)";
				COPY_PHASE_STRIP = NO;
				GCC_C_LANGUAGE_STANDARD = gnu99;
				GCC_DYNAMIC_NO_PIC = NO;
				GCC_OPTIMIZATION_LEVEL = 0;
				GCC_PREPROCESSOR_DEFINITIONS = (
					"DEBUG=1",
					"$(inherited)",
				);
				GCC_SYMBOLS_PRIVATE_EXTERN = NO;
				GCC_WARN_64_TO_32_BIT_CONVERSION = YES;
				GCC_WARN_ABOUT_RETURN_TYPE = YES_ERROR;
				GCC_WARN_UNDECLARED_SELECTOR = YES;
				GCC_WARN_UNINITIALIZED_AUTOS = YES_AGGRESSIVE;
				GCC_WARN_UNUSED_FUNCTION = YES;
				GCC_WARN_UNUSED_VARIABLE = YES;
				INFOPLIST_FILE = "";
				IPHONEOS_DEPLOYMENT_TARGET = 8.0;
				ONLY_ACTIVE_ARCH = YES;
				PROVISIONING_PROFILE = "f516f49e-34e2-4ae1-bdc6-85462e7a37b5";
				SDKROOT = iphoneos;
			};
			name = Debug;
		};
		D7F9D169199FE698003CD7D6 /* Release */ = {
			isa = XCBuildConfiguration;
			buildSettings = {
				ALWAYS_SEARCH_USER_PATHS = NO;
				CLANG_CXX_LANGUAGE_STANDARD = "gnu++0x";
				CLANG_CXX_LIBRARY = "libc++";
				CLANG_ENABLE_MODULES = YES;
				CLANG_ENABLE_OBJC_ARC = YES;
				CLANG_WARN_BOOL_CONVERSION = YES;
				CLANG_WARN_CONSTANT_CONVERSION = YES;
				CLANG_WARN_DIRECT_OBJC_ISA_USAGE = YES_ERROR;
				CLANG_WARN_EMPTY_BODY = YES;
				CLANG_WARN_ENUM_CONVERSION = YES;
				CLANG_WARN_INT_CONVERSION = YES;
				CLANG_WARN_OBJC_ROOT_CLASS = YES_ERROR;
				CLANG_WARN__DUPLICATE_METHOD_MATCH = YES;
				CODE_SIGN_IDENTITY = "iPhone Distribution: Corey Walo (TGW6PA8S8E)";
				"CODE_SIGN_IDENTITY[sdk=iphoneos*]" = "iPhone Distribution: Corey Walo (TGW6PA8S8E)";
				COPY_PHASE_STRIP = YES;
				ENABLE_NS_ASSERTIONS = NO;
				GCC_C_LANGUAGE_STANDARD = gnu99;
				GCC_WARN_64_TO_32_BIT_CONVERSION = YES;
				GCC_WARN_ABOUT_RETURN_TYPE = YES_ERROR;
				GCC_WARN_UNDECLARED_SELECTOR = YES;
				GCC_WARN_UNINITIALIZED_AUTOS = YES_AGGRESSIVE;
				GCC_WARN_UNUSED_FUNCTION = YES;
				GCC_WARN_UNUSED_VARIABLE = YES;
				INFOPLIST_FILE = "";
				IPHONEOS_DEPLOYMENT_TARGET = 8.0;
				PROVISIONING_PROFILE = "f516f49e-34e2-4ae1-bdc6-85462e7a37b5";
				SDKROOT = iphoneos;
				VALIDATE_PRODUCT = YES;
			};
			name = Release;
		};
		D7F9D16B199FE698003CD7D6 /* Debug */ = {
			isa = XCBuildConfiguration;
			buildSettings = {
				ASSETCATALOG_COMPILER_APPICON_NAME = AppIcon;
				CODE_SIGN_IDENTITY = "iPhone Developer";
				"CODE_SIGN_IDENTITY[sdk=iphoneos*]" = "iPhone Developer";
				GCC_PRECOMPILE_PREFIX_HEADER = YES;
				GCC_PREFIX_HEADER = "PhenomRBA/PhenomRBA-Prefix.pch";
				INFOPLIST_FILE = "$(SRCROOT)/../../AudioArmada/PhenomRBA/PhenomRBA/Info.plist";
				PRODUCT_BUNDLE_IDENTIFIER = com.coreywalo.PHNM;
				PRODUCT_NAME = PHNM;
				PROVISIONING_PROFILE = "";
				WRAPPER_EXTENSION = app;
			};
			name = Debug;
		};
		D7F9D16C199FE698003CD7D6 /* Release */ = {
			isa = XCBuildConfiguration;
			buildSettings = {
				ASSETCATALOG_COMPILER_APPICON_NAME = AppIcon;
				CODE_SIGN_IDENTITY = "iPhone Developer";
				"CODE_SIGN_IDENTITY[sdk=iphoneos*]" = "iPhone Developer";
				GCC_PRECOMPILE_PREFIX_HEADER = YES;
				GCC_PREFIX_HEADER = "PhenomRBA/PhenomRBA-Prefix.pch";
				INFOPLIST_FILE = "$(SRCROOT)/../../AudioArmada/PhenomRBA/PhenomRBA/Info.plist";
				PRODUCT_BUNDLE_IDENTIFIER = com.coreywalo.PHNM;
				PRODUCT_NAME = PHNM;
				PROVISIONING_PROFILE = "";
				WRAPPER_EXTENSION = app;
			};
			name = Release;
		};
/* End XCBuildConfiguration section */

/* Begin XCConfigurationList section */
		D7F9D133199FE697003CD7D6 /* Build configuration list for PBXProject "PHNM" */ = {
			isa = XCConfigurationList;
			buildConfigurations = (
				D7F9D168199FE698003CD7D6 /* Debug */,
				D7F9D169199FE698003CD7D6 /* Release */,
			);
			defaultConfigurationIsVisible = 0;
			defaultConfigurationName = Release;
		};
		D7F9D16A199FE698003CD7D6 /* Build configuration list for PBXNativeTarget "PhenomRBA" */ = {
			isa = XCConfigurationList;
			buildConfigurations = (
				D7F9D16B199FE698003CD7D6 /* Debug */,
				D7F9D16C199FE698003CD7D6 /* Release */,
			);
			defaultConfigurationIsVisible = 0;
			defaultConfigurationName = Release;
		};
/* End XCConfigurationList section */
	};
	rootObject = D7F9D130199FE697003CD7D6 /* Project object */;
}
