// !$*UTF8*$!
{
	archiveVersion = 1;
	classes = {
	};
	objectVersion = 46;
	objects = {

/* Begin PBXBuildFile section */
		D74E126C1BD89C1300D56590 /* AAAudioFileSampler.m in Sources */ = {isa = PBXBuildFile; fileRef = D74E126B1BD89C1300D56590 /* AAAudioFileSampler.m */; settings = {ASSET_TAGS = (); }; };
		D74E126F1BD8A3E200D56590 /* CoreAudio.framework in Frameworks */ = {isa = PBXBuildFile; fileRef = D74E126E1BD8A3E200D56590 /* CoreAudio.framework */; };
		D74E12711BD8A6FD00D56590 /* FileSamples.plist in Resources */ = {isa = PBXBuildFile; fileRef = D74E12701BD8A6FD00D56590 /* FileSamples.plist */; settings = {ASSET_TAGS = (); }; };
		D74E12831BD8A74E00D56590 /* coin.wav in Resources */ = {isa = PBXBuildFile; fileRef = D74E12751BD8A74E00D56590 /* coin.wav */; settings = {ASSET_TAGS = (); }; };
		D74E12841BD8A74E00D56590 /* cowbell.wav in Resources */ = {isa = PBXBuildFile; fileRef = D74E12761BD8A74E00D56590 /* cowbell.wav */; settings = {ASSET_TAGS = (); }; };
		D74E12851BD8A74E00D56590 /* crash.wav in Resources */ = {isa = PBXBuildFile; fileRef = D74E12771BD8A74E00D56590 /* crash.wav */; settings = {ASSET_TAGS = (); }; };
		D74E12861BD8A74E00D56590 /* fart.wav in Resources */ = {isa = PBXBuildFile; fileRef = D74E12781BD8A74E00D56590 /* fart.wav */; settings = {ASSET_TAGS = (); }; };
		D74E12871BD8A74E00D56590 /* getAss.wav in Resources */ = {isa = PBXBuildFile; fileRef = D74E12791BD8A74E00D56590 /* getAss.wav */; settings = {ASSET_TAGS = (); }; };
		D74E12881BD8A74E00D56590 /* horn.wav in Resources */ = {isa = PBXBuildFile; fileRef = D74E127A1BD8A74E00D56590 /* horn.wav */; settings = {ASSET_TAGS = (); }; };
		D74E12891BD8A74E00D56590 /* mudOrChocolate.wav in Resources */ = {isa = PBXBuildFile; fileRef = D74E127B1BD8A74E00D56590 /* mudOrChocolate.wav */; settings = {ASSET_TAGS = (); }; };
		D74E128A1BD8A74E00D56590 /* myMan.wav in Resources */ = {isa = PBXBuildFile; fileRef = D74E127C1BD8A74E00D56590 /* myMan.wav */; settings = {ASSET_TAGS = (); }; };
		D74E128B1BD8A74E00D56590 /* niceJob.wav in Resources */ = {isa = PBXBuildFile; fileRef = D74E127D1BD8A74E00D56590 /* niceJob.wav */; settings = {ASSET_TAGS = (); }; };
		D74E128C1BD8A74F00D56590 /* sadBone.wav in Resources */ = {isa = PBXBuildFile; fileRef = D74E127E1BD8A74E00D56590 /* sadBone.wav */; settings = {ASSET_TAGS = (); }; };
		D74E128D1BD8A74F00D56590 /* schwing.wav in Resources */ = {isa = PBXBuildFile; fileRef = D74E127F1BD8A74E00D56590 /* schwing.wav */; settings = {ASSET_TAGS = (); }; };
		D74E128E1BD8A74F00D56590 /* slowDown.wav in Resources */ = {isa = PBXBuildFile; fileRef = D74E12801BD8A74E00D56590 /* slowDown.wav */; settings = {ASSET_TAGS = (); }; };
		D74E128F1BD8A74F00D56590 /* turnDown.wav in Resources */ = {isa = PBXBuildFile; fileRef = D74E12811BD8A74E00D56590 /* turnDown.wav */; settings = {ASSET_TAGS = (); }; };
		D74E12901BD8A74F00D56590 /* waveRace.wav in Resources */ = {isa = PBXBuildFile; fileRef = D74E12821BD8A74E00D56590 /* waveRace.wav */; settings = {ASSET_TAGS = (); }; };
		D756B08D19A0000A00138314 /* AudioToolbox.framework in Frameworks */ = {isa = PBXBuildFile; fileRef = D756B08C19A0000A00138314 /* AudioToolbox.framework */; };
		D7F7CBD419A2C6D300B5C390 /* QuartzCore.framework in Frameworks */ = {isa = PBXBuildFile; fileRef = D7F7CBD319A2C6D300B5C390 /* QuartzCore.framework */; };
		D7F7CBD919A303FA00B5C390 /* CoreMotion.framework in Frameworks */ = {isa = PBXBuildFile; fileRef = D7F7CBD819A303FA00B5C390 /* CoreMotion.framework */; };
		D7F9D13C199FE697003CD7D6 /* Foundation.framework in Frameworks */ = {isa = PBXBuildFile; fileRef = D7F9D13B199FE697003CD7D6 /* Foundation.framework */; };
		D7F9D13E199FE697003CD7D6 /* CoreGraphics.framework in Frameworks */ = {isa = PBXBuildFile; fileRef = D7F9D13D199FE697003CD7D6 /* CoreGraphics.framework */; };
		D7F9D140199FE697003CD7D6 /* UIKit.framework in Frameworks */ = {isa = PBXBuildFile; fileRef = D7F9D13F199FE697003CD7D6 /* UIKit.framework */; };
		D7F9D146199FE697003CD7D6 /* InfoPlist.strings in Resources */ = {isa = PBXBuildFile; fileRef = D7F9D144199FE697003CD7D6 /* InfoPlist.strings */; };
		D7F9D148199FE697003CD7D6 /* main.m in Sources */ = {isa = PBXBuildFile; fileRef = D7F9D147199FE697003CD7D6 /* main.m */; };
		D7F9D14C199FE697003CD7D6 /* AppDelegate.m in Sources */ = {isa = PBXBuildFile; fileRef = D7F9D14B199FE697003CD7D6 /* AppDelegate.m */; };
		D7F9D14F199FE697003CD7D6 /* Main.storyboard in Resources */ = {isa = PBXBuildFile; fileRef = D7F9D14D199FE697003CD7D6 /* Main.storyboard */; };
		D7F9D152199FE697003CD7D6 /* ViewController.m in Sources */ = {isa = PBXBuildFile; fileRef = D7F9D151199FE697003CD7D6 /* ViewController.m */; };
		D7F9D154199FE697003CD7D6 /* Images.xcassets in Resources */ = {isa = PBXBuildFile; fileRef = D7F9D153199FE697003CD7D6 /* Images.xcassets */; };
		D7F9D15B199FE698003CD7D6 /* XCTest.framework in Frameworks */ = {isa = PBXBuildFile; fileRef = D7F9D15A199FE697003CD7D6 /* XCTest.framework */; };
		D7F9D15C199FE698003CD7D6 /* Foundation.framework in Frameworks */ = {isa = PBXBuildFile; fileRef = D7F9D13B199FE697003CD7D6 /* Foundation.framework */; };
		D7F9D15D199FE698003CD7D6 /* UIKit.framework in Frameworks */ = {isa = PBXBuildFile; fileRef = D7F9D13F199FE697003CD7D6 /* UIKit.framework */; };
		D7F9D165199FE698003CD7D6 /* InfoPlist.strings in Resources */ = {isa = PBXBuildFile; fileRef = D7F9D163199FE698003CD7D6 /* InfoPlist.strings */; };
		D7F9D167199FE698003CD7D6 /* PhenomRBATests.m in Sources */ = {isa = PBXBuildFile; fileRef = D7F9D166199FE698003CD7D6 /* PhenomRBATests.m */; };
/* End PBXBuildFile section */

/* Begin PBXContainerItemProxy section */
		D7F9D15E199FE698003CD7D6 /* PBXContainerItemProxy */ = {
			isa = PBXContainerItemProxy;
			containerPortal = D7F9D130199FE697003CD7D6 /* Project object */;
			proxyType = 1;
			remoteGlobalIDString = D7F9D137199FE697003CD7D6;
			remoteInfo = PhenomRBA;
		};
/* End PBXContainerItemProxy section */

/* Begin PBXFileReference section */
		D74E126A1BD89C1300D56590 /* AAAudioFileSampler.h */ = {isa = PBXFileReference; fileEncoding = 4; lastKnownFileType = sourcecode.c.h; path = AAAudioFileSampler.h; sourceTree = "<group>"; };
		D74E126B1BD89C1300D56590 /* AAAudioFileSampler.m */ = {isa = PBXFileReference; fileEncoding = 4; lastKnownFileType = sourcecode.c.objc; path = AAAudioFileSampler.m; sourceTree = "<group>"; };
		D74E126E1BD8A3E200D56590 /* CoreAudio.framework */ = {isa = PBXFileReference; lastKnownFileType = wrapper.framework; name = CoreAudio.framework; path = System/Library/Frameworks/CoreAudio.framework; sourceTree = SDKROOT; };
		D74E12701BD8A6FD00D56590 /* FileSamples.plist */ = {isa = PBXFileReference; fileEncoding = 4; lastKnownFileType = text.plist.xml; path = FileSamples.plist; sourceTree = "<group>"; };
		D74E12751BD8A74E00D56590 /* coin.wav */ = {isa = PBXFileReference; lastKnownFileType = audio.wav; name = coin.wav; path = ../../../AudioArmada/PhenomRBA/PhenomRBA/Samples/coin.wav; sourceTree = "<group>"; };
		D74E12761BD8A74E00D56590 /* cowbell.wav */ = {isa = PBXFileReference; lastKnownFileType = audio.wav; name = cowbell.wav; path = ../../../AudioArmada/PhenomRBA/PhenomRBA/Samples/cowbell.wav; sourceTree = "<group>"; };
		D74E12771BD8A74E00D56590 /* crash.wav */ = {isa = PBXFileReference; lastKnownFileType = audio.wav; name = crash.wav; path = ../../../AudioArmada/PhenomRBA/PhenomRBA/Samples/crash.wav; sourceTree = "<group>"; };
		D74E12781BD8A74E00D56590 /* fart.wav */ = {isa = PBXFileReference; lastKnownFileType = audio.wav; name = fart.wav; path = ../../../AudioArmada/PhenomRBA/PhenomRBA/Samples/fart.wav; sourceTree = "<group>"; };
		D74E12791BD8A74E00D56590 /* getAss.wav */ = {isa = PBXFileReference; lastKnownFileType = audio.wav; name = getAss.wav; path = ../../../AudioArmada/PhenomRBA/PhenomRBA/Samples/getAss.wav; sourceTree = "<group>"; };
		D74E127A1BD8A74E00D56590 /* horn.wav */ = {isa = PBXFileReference; lastKnownFileType = audio.wav; name = horn.wav; path = ../../../AudioArmada/PhenomRBA/PhenomRBA/Samples/horn.wav; sourceTree = "<group>"; };
		D74E127B1BD8A74E00D56590 /* mudOrChocolate.wav */ = {isa = PBXFileReference; lastKnownFileType = audio.wav; name = mudOrChocolate.wav; path = ../../../AudioArmada/PhenomRBA/PhenomRBA/Samples/mudOrChocolate.wav; sourceTree = "<group>"; };
		D74E127C1BD8A74E00D56590 /* myMan.wav */ = {isa = PBXFileReference; lastKnownFileType = audio.wav; name = myMan.wav; path = ../../../AudioArmada/PhenomRBA/PhenomRBA/Samples/myMan.wav; sourceTree = "<group>"; };
		D74E127D1BD8A74E00D56590 /* niceJob.wav */ = {isa = PBXFileReference; lastKnownFileType = audio.wav; name = niceJob.wav; path = ../../../AudioArmada/PhenomRBA/PhenomRBA/Samples/niceJob.wav; sourceTree = "<group>"; };
		D74E127E1BD8A74E00D56590 /* sadBone.wav */ = {isa = PBXFileReference; lastKnownFileType = audio.wav; name = sadBone.wav; path = ../../../AudioArmada/PhenomRBA/PhenomRBA/Samples/sadBone.wav; sourceTree = "<group>"; };
		D74E127F1BD8A74E00D56590 /* schwing.wav */ = {isa = PBXFileReference; lastKnownFileType = audio.wav; name = schwing.wav; path = ../../../AudioArmada/PhenomRBA/PhenomRBA/Samples/schwing.wav; sourceTree = "<group>"; };
		D74E12801BD8A74E00D56590 /* slowDown.wav */ = {isa = PBXFileReference; lastKnownFileType = audio.wav; name = slowDown.wav; path = ../../../AudioArmada/PhenomRBA/PhenomRBA/Samples/slowDown.wav; sourceTree = "<group>"; };
		D74E12811BD8A74E00D56590 /* turnDown.wav */ = {isa = PBXFileReference; lastKnownFileType = audio.wav; name = turnDown.wav; path = ../../../AudioArmada/PhenomRBA/PhenomRBA/Samples/turnDown.wav; sourceTree = "<group>"; };
		D74E12821BD8A74E00D56590 /* waveRace.wav */ = {isa = PBXFileReference; lastKnownFileType = audio.wav; name = waveRace.wav; path = ../../../AudioArmada/PhenomRBA/PhenomRBA/Samples/waveRace.wav; sourceTree = "<group>"; };
		D756B08C19A0000A00138314 /* AudioToolbox.framework */ = {isa = PBXFileReference; lastKnownFileType = wrapper.framework; name = AudioToolbox.framework; path = System/Library/Frameworks/AudioToolbox.framework; sourceTree = SDKROOT; };
		D7F7CBD319A2C6D300B5C390 /* QuartzCore.framework */ = {isa = PBXFileReference; lastKnownFileType = wrapper.framework; name = QuartzCore.framework; path = System/Library/Frameworks/QuartzCore.framework; sourceTree = SDKROOT; };
		D7F7CBD819A303FA00B5C390 /* CoreMotion.framework */ = {isa = PBXFileReference; lastKnownFileType = wrapper.framework; name = CoreMotion.framework; path = System/Library/Frameworks/CoreMotion.framework; sourceTree = SDKROOT; };
		D7F9D138199FE697003CD7D6 /* PHNM.app */ = {isa = PBXFileReference; explicitFileType = wrapper.application; includeInIndex = 0; path = PHNM.app; sourceTree = BUILT_PRODUCTS_DIR; };
		D7F9D13B199FE697003CD7D6 /* Foundation.framework */ = {isa = PBXFileReference; lastKnownFileType = wrapper.framework; name = Foundation.framework; path = System/Library/Frameworks/Foundation.framework; sourceTree = SDKROOT; };
		D7F9D13D199FE697003CD7D6 /* CoreGraphics.framework */ = {isa = PBXFileReference; lastKnownFileType = wrapper.framework; name = CoreGraphics.framework; path = System/Library/Frameworks/CoreGraphics.framework; sourceTree = SDKROOT; };
		D7F9D13F199FE697003CD7D6 /* UIKit.framework */ = {isa = PBXFileReference; lastKnownFileType = wrapper.framework; name = UIKit.framework; path = System/Library/Frameworks/UIKit.framework; sourceTree = SDKROOT; };
		D7F9D143199FE697003CD7D6 /* PhenomRBA-Info.plist */ = {isa = PBXFileReference; lastKnownFileType = text.plist.xml; path = "PhenomRBA-Info.plist"; sourceTree = "<group>"; };
		D7F9D145199FE697003CD7D6 /* en */ = {isa = PBXFileReference; lastKnownFileType = text.plist.strings; name = en; path = en.lproj/InfoPlist.strings; sourceTree = "<group>"; };
		D7F9D147199FE697003CD7D6 /* main.m */ = {isa = PBXFileReference; lastKnownFileType = sourcecode.c.objc; path = main.m; sourceTree = "<group>"; };
		D7F9D149199FE697003CD7D6 /* PhenomRBA-Prefix.pch */ = {isa = PBXFileReference; lastKnownFileType = sourcecode.c.h; path = "PhenomRBA-Prefix.pch"; sourceTree = "<group>"; };
		D7F9D14A199FE697003CD7D6 /* AppDelegate.h */ = {isa = PBXFileReference; lastKnownFileType = sourcecode.c.h; path = AppDelegate.h; sourceTree = "<group>"; };
		D7F9D14B199FE697003CD7D6 /* AppDelegate.m */ = {isa = PBXFileReference; lastKnownFileType = sourcecode.c.objc; path = AppDelegate.m; sourceTree = "<group>"; };
		D7F9D14E199FE697003CD7D6 /* Base */ = {isa = PBXFileReference; lastKnownFileType = file.storyboard; name = Base; path = Base.lproj/Main.storyboard; sourceTree = "<group>"; };
		D7F9D150199FE697003CD7D6 /* ViewController.h */ = {isa = PBXFileReference; lastKnownFileType = sourcecode.c.h; path = ViewController.h; sourceTree = "<group>"; };
		D7F9D151199FE697003CD7D6 /* ViewController.m */ = {isa = PBXFileReference; lastKnownFileType = sourcecode.c.objc; path = ViewController.m; sourceTree = "<group>"; };
		D7F9D153199FE697003CD7D6 /* Images.xcassets */ = {isa = PBXFileReference; lastKnownFileType = folder.assetcatalog; path = Images.xcassets; sourceTree = "<group>"; };
		D7F9D159199FE697003CD7D6 /* PhenomRBATests.xctest */ = {isa = PBXFileReference; explicitFileType = wrapper.cfbundle; includeInIndex = 0; path = PhenomRBATests.xctest; sourceTree = BUILT_PRODUCTS_DIR; };
		D7F9D15A199FE697003CD7D6 /* XCTest.framework */ = {isa = PBXFileReference; lastKnownFileType = wrapper.framework; name = XCTest.framework; path = Library/Frameworks/XCTest.framework; sourceTree = DEVELOPER_DIR; };
		D7F9D162199FE698003CD7D6 /* PhenomRBATests-Info.plist */ = {isa = PBXFileReference; lastKnownFileType = text.plist.xml; path = "PhenomRBATests-Info.plist"; sourceTree = "<group>"; };
		D7F9D164199FE698003CD7D6 /* en */ = {isa = PBXFileReference; lastKnownFileType = text.plist.strings; name = en; path = en.lproj/InfoPlist.strings; sourceTree = "<group>"; };
		D7F9D166199FE698003CD7D6 /* PhenomRBATests.m */ = {isa = PBXFileReference; lastKnownFileType = sourcecode.c.objc; path = PhenomRBATests.m; sourceTree = "<group>"; };
/* End PBXFileReference section */

/* Begin PBXFrameworksBuildPhase section */
		D7F9D135199FE697003CD7D6 /* Frameworks */ = {
			isa = PBXFrameworksBuildPhase;
			buildActionMask = 2147483647;
			files = (
				D74E126F1BD8A3E200D56590 /* CoreAudio.framework in Frameworks */,
				D7F7CBD919A303FA00B5C390 /* CoreMotion.framework in Frameworks */,
				D7F7CBD419A2C6D300B5C390 /* QuartzCore.framework in Frameworks */,
				D756B08D19A0000A00138314 /* AudioToolbox.framework in Frameworks */,
				D7F9D13E199FE697003CD7D6 /* CoreGraphics.framework in Frameworks */,
				D7F9D140199FE697003CD7D6 /* UIKit.framework in Frameworks */,
				D7F9D13C199FE697003CD7D6 /* Foundation.framework in Frameworks */,
			);
			runOnlyForDeploymentPostprocessing = 0;
		};
		D7F9D156199FE697003CD7D6 /* Frameworks */ = {
			isa = PBXFrameworksBuildPhase;
			buildActionMask = 2147483647;
			files = (
				D7F9D15B199FE698003CD7D6 /* XCTest.framework in Frameworks */,
				D7F9D15D199FE698003CD7D6 /* UIKit.framework in Frameworks */,
				D7F9D15C199FE698003CD7D6 /* Foundation.framework in Frameworks */,
			);
			runOnlyForDeploymentPostprocessing = 0;
		};
/* End PBXFrameworksBuildPhase section */

/* Begin PBXGroup section */
		D74E12681BD89BC000D56590 /* Resources */ = {
			isa = PBXGroup;
			children = (
				D74E12741BD8A74400D56590 /* Samples */,
				D74E12701BD8A6FD00D56590 /* FileSamples.plist */,
				D7F9D14D199FE697003CD7D6 /* Main.storyboard */,
			);
			name = Resources;
			sourceTree = "<group>";
		};
		D74E12691BD89BE200D56590 /* Classes */ = {
			isa = PBXGroup;
			children = (
				D74E126A1BD89C1300D56590 /* AAAudioFileSampler.h */,
				D74E126B1BD89C1300D56590 /* AAAudioFileSampler.m */,
				D7F9D150199FE697003CD7D6 /* ViewController.h */,
				D7F9D151199FE697003CD7D6 /* ViewController.m */,
			);
			name = Classes;
			sourceTree = "<group>";
		};
		D74E12741BD8A74400D56590 /* Samples */ = {
			isa = PBXGroup;
			children = (
				D74E12751BD8A74E00D56590 /* coin.wav */,
				D74E12761BD8A74E00D56590 /* cowbell.wav */,
				D74E12771BD8A74E00D56590 /* crash.wav */,
				D74E12781BD8A74E00D56590 /* fart.wav */,
				D74E12791BD8A74E00D56590 /* getAss.wav */,
				D74E127A1BD8A74E00D56590 /* horn.wav */,
				D74E127B1BD8A74E00D56590 /* mudOrChocolate.wav */,
				D74E127C1BD8A74E00D56590 /* myMan.wav */,
				D74E127D1BD8A74E00D56590 /* niceJob.wav */,
				D74E127E1BD8A74E00D56590 /* sadBone.wav */,
				D74E127F1BD8A74E00D56590 /* schwing.wav */,
				D74E12801BD8A74E00D56590 /* slowDown.wav */,
				D74E12811BD8A74E00D56590 /* turnDown.wav */,
				D74E12821BD8A74E00D56590 /* waveRace.wav */,
			);
			name = Samples;
			sourceTree = "<group>";
		};
		D7F9D12F199FE697003CD7D6 = {
			isa = PBXGroup;
			children = (
				D7F9D141199FE697003CD7D6 /* PhenomRBA */,
				D7F9D160199FE698003CD7D6 /* PhenomRBATests */,
				D7F9D13A199FE697003CD7D6 /* Frameworks */,
				D7F9D139199FE697003CD7D6 /* Products */,
			);
			sourceTree = "<group>";
		};
		D7F9D139199FE697003CD7D6 /* Products */ = {
			isa = PBXGroup;
			children = (
				D7F9D138199FE697003CD7D6 /* PHNM.app */,
				D7F9D159199FE697003CD7D6 /* PhenomRBATests.xctest */,
			);
			name = Products;
			sourceTree = "<group>";
		};
		D7F9D13A199FE697003CD7D6 /* Frameworks */ = {
			isa = PBXGroup;
			children = (
				D74E126E1BD8A3E200D56590 /* CoreAudio.framework */,
				D7F7CBD819A303FA00B5C390 /* CoreMotion.framework */,
				D7F7CBD319A2C6D300B5C390 /* QuartzCore.framework */,
				D756B08C19A0000A00138314 /* AudioToolbox.framework */,
				D7F9D13B199FE697003CD7D6 /* Foundation.framework */,
				D7F9D13D199FE697003CD7D6 /* CoreGraphics.framework */,
				D7F9D13F199FE697003CD7D6 /* UIKit.framework */,
				D7F9D15A199FE697003CD7D6 /* XCTest.framework */,
			);
			name = Frameworks;
			sourceTree = "<group>";
		};
		D7F9D141199FE697003CD7D6 /* PhenomRBA */ = {
			isa = PBXGroup;
			children = (
				D7F9D14A199FE697003CD7D6 /* AppDelegate.h */,
				D7F9D14B199FE697003CD7D6 /* AppDelegate.m */,
				D74E12691BD89BE200D56590 /* Classes */,
				D74E12681BD89BC000D56590 /* Resources */,
				D7F9D153199FE697003CD7D6 /* Images.xcassets */,
				D7F9D142199FE697003CD7D6 /* Supporting Files */,
			);
			path = PhenomRBA;
			sourceTree = "<group>";
		};
		D7F9D142199FE697003CD7D6 /* Supporting Files */ = {
			isa = PBXGroup;
			children = (
				D7F9D143199FE697003CD7D6 /* PhenomRBA-Info.plist */,
				D7F9D144199FE697003CD7D6 /* InfoPlist.strings */,
				D7F9D147199FE697003CD7D6 /* main.m */,
				D7F9D149199FE697003CD7D6 /* PhenomRBA-Prefix.pch */,
			);
			name = "Supporting Files";
			sourceTree = "<group>";
		};
		D7F9D160199FE698003CD7D6 /* PhenomRBATests */ = {
			isa = PBXGroup;
			children = (
				D7F9D166199FE698003CD7D6 /* PhenomRBATests.m */,
				D7F9D161199FE698003CD7D6 /* Supporting Files */,
			);
			path = PhenomRBATests;
			sourceTree = "<group>";
		};
		D7F9D161199FE698003CD7D6 /* Supporting Files */ = {
			isa = PBXGroup;
			children = (
				D7F9D162199FE698003CD7D6 /* PhenomRBATests-Info.plist */,
				D7F9D163199FE698003CD7D6 /* InfoPlist.strings */,
			);
			name = "Supporting Files";
			sourceTree = "<group>";
		};
/* End PBXGroup section */

/* Begin PBXNativeTarget section */
		D7F9D137199FE697003CD7D6 /* PhenomRBA */ = {
			isa = PBXNativeTarget;
			buildConfigurationList = D7F9D16A199FE698003CD7D6 /* Build configuration list for PBXNativeTarget "PhenomRBA" */;
			buildPhases = (
				D7F9D134199FE697003CD7D6 /* Sources */,
				D7F9D135199FE697003CD7D6 /* Frameworks */,
				D7F9D136199FE697003CD7D6 /* Resources */,
			);
			buildRules = (
			);
			dependencies = (
			);
			name = PhenomRBA;
			productName = PhenomRBA;
			productReference = D7F9D138199FE697003CD7D6 /* PHNM.app */;
			productType = "com.apple.product-type.application";
		};
		D7F9D158199FE697003CD7D6 /* PhenomRBATests */ = {
			isa = PBXNativeTarget;
			buildConfigurationList = D7F9D16D199FE698003CD7D6 /* Build configuration list for PBXNativeTarget "PhenomRBATests" */;
			buildPhases = (
				D7F9D155199FE697003CD7D6 /* Sources */,
				D7F9D156199FE697003CD7D6 /* Frameworks */,
				D7F9D157199FE697003CD7D6 /* Resources */,
			);
			buildRules = (
			);
			dependencies = (
				D7F9D15F199FE698003CD7D6 /* PBXTargetDependency */,
			);
			name = PhenomRBATests;
			productName = PhenomRBATests;
			productReference = D7F9D159199FE697003CD7D6 /* PhenomRBATests.xctest */;
			productType = "com.apple.product-type.bundle.unit-test";
		};
/* End PBXNativeTarget section */

/* Begin PBXProject section */
		D7F9D130199FE697003CD7D6 /* Project object */ = {
			isa = PBXProject;
			attributes = {
				LastUpgradeCheck = 0510;
				ORGANIZATIONNAME = "Audio Armada";
				TargetAttributes = {
					D7F9D137199FE697003CD7D6 = {
						DevelopmentTeam = TGW6PA8S8E;
					};
					D7F9D158199FE697003CD7D6 = {
						TestTargetID = D7F9D137199FE697003CD7D6;
					};
				};
			};
			buildConfigurationList = D7F9D133199FE697003CD7D6 /* Build configuration list for PBXProject "PHNM" */;
			compatibilityVersion = "Xcode 3.2";
			developmentRegion = English;
			hasScannedForEncodings = 0;
			knownRegions = (
				en,
				Base,
			);
			mainGroup = D7F9D12F199FE697003CD7D6;
			productRefGroup = D7F9D139199FE697003CD7D6 /* Products */;
			projectDirPath = "";
			projectRoot = "";
			targets = (
				D7F9D137199FE697003CD7D6 /* PhenomRBA */,
				D7F9D158199FE697003CD7D6 /* PhenomRBATests */,
			);
		};
/* End PBXProject section */

/* Begin PBXResourcesBuildPhase section */
		D7F9D136199FE697003CD7D6 /* Resources */ = {
			isa = PBXResourcesBuildPhase;
			buildActionMask = 2147483647;
			files = (
				D74E12871BD8A74E00D56590 /* getAss.wav in Resources */,
				D74E128D1BD8A74F00D56590 /* schwing.wav in Resources */,
				D74E12881BD8A74E00D56590 /* horn.wav in Resources */,
				D74E12711BD8A6FD00D56590 /* FileSamples.plist in Resources */,
				D74E128A1BD8A74E00D56590 /* myMan.wav in Resources */,
				D74E128E1BD8A74F00D56590 /* slowDown.wav in Resources */,
				D74E12861BD8A74E00D56590 /* fart.wav in Resources */,
				D74E128C1BD8A74F00D56590 /* sadBone.wav in Resources */,
				D74E12901BD8A74F00D56590 /* waveRace.wav in Resources */,
				D74E12831BD8A74E00D56590 /* coin.wav in Resources */,
				D7F9D154199FE697003CD7D6 /* Images.xcassets in Resources */,
				D7F9D146199FE697003CD7D6 /* InfoPlist.strings in Resources */,
				D74E128B1BD8A74E00D56590 /* niceJob.wav in Resources */,
				D7F9D14F199FE697003CD7D6 /* Main.storyboard in Resources */,
				D74E12841BD8A74E00D56590 /* cowbell.wav in Resources */,
				D74E12891BD8A74E00D56590 /* mudOrChocolate.wav in Resources */,
				D74E128F1BD8A74F00D56590 /* turnDown.wav in Resources */,
				D74E12851BD8A74E00D56590 /* crash.wav in Resources */,
			);
			runOnlyForDeploymentPostprocessing = 0;
		};
		D7F9D157199FE697003CD7D6 /* Resources */ = {
			isa = PBXResourcesBuildPhase;
			buildActionMask = 2147483647;
			files = (
				D7F9D165199FE698003CD7D6 /* InfoPlist.strings in Resources */,
			);
			runOnlyForDeploymentPostprocessing = 0;
		};
/* End PBXResourcesBuildPhase section */

/* Begin PBXSourcesBuildPhase section */
		D7F9D134199FE697003CD7D6 /* Sources */ = {
			isa = PBXSourcesBuildPhase;
			buildActionMask = 2147483647;
			files = (
				D7F9D152199FE697003CD7D6 /* ViewController.m in Sources */,
				D7F9D14C199FE697003CD7D6 /* AppDelegate.m in Sources */,
				D7F9D148199FE697003CD7D6 /* main.m in Sources */,
				D74E126C1BD89C1300D56590 /* AAAudioFileSampler.m in Sources */,
			);
			runOnlyForDeploymentPostprocessing = 0;
		};
		D7F9D155199FE697003CD7D6 /* Sources */ = {
			isa = PBXSourcesBuildPhase;
			buildActionMask = 2147483647;
			files = (
				D7F9D167199FE698003CD7D6 /* PhenomRBATests.m in Sources */,
			);
			runOnlyForDeploymentPostprocessing = 0;
		};
/* End PBXSourcesBuildPhase section */

/* Begin PBXTargetDependency section */
		D7F9D15F199FE698003CD7D6 /* PBXTargetDependency */ = {
			isa = PBXTargetDependency;
			target = D7F9D137199FE697003CD7D6 /* PhenomRBA */;
			targetProxy = D7F9D15E199FE698003CD7D6 /* PBXContainerItemProxy */;
		};
/* End PBXTargetDependency section */

/* Begin PBXVariantGroup section */
		D7F9D144199FE697003CD7D6 /* InfoPlist.strings */ = {
			isa = PBXVariantGroup;
			children = (
				D7F9D145199FE697003CD7D6 /* en */,
			);
			name = InfoPlist.strings;
			sourceTree = "<group>";
		};
		D7F9D14D199FE697003CD7D6 /* Main.storyboard */ = {
			isa = PBXVariantGroup;
			children = (
				D7F9D14E199FE697003CD7D6 /* Base */,
			);
			name = Main.storyboard;
			sourceTree = "<group>";
		};
		D7F9D163199FE698003CD7D6 /* InfoPlist.strings */ = {
			isa = PBXVariantGroup;
			children = (
				D7F9D164199FE698003CD7D6 /* en */,
			);
			name = InfoPlist.strings;
			sourceTree = "<group>";
		};
/* End PBXVariantGroup section */

/* Begin XCBuildConfiguration section */
		D7F9D168199FE698003CD7D6 /* Debug */ = {
			isa = XCBuildConfiguration;
			buildSettings = {
				ALWAYS_SEARCH_USER_PATHS = NO;
				CLANG_CXX_LANGUAGE_STANDARD = "gnu++0x";
				CLANG_CXX_LIBRARY = "libc++";
				CLANG_ENABLE_MODULES = YES;
				CLANG_ENABLE_OBJC_ARC = YES;
				CLANG_WARN_BOOL_CONVERSION = YES;
				CLANG_WARN_CONSTANT_CONVERSION = YES;
				CLANG_WARN_DIRECT_OBJC_ISA_USAGE = YES_ERROR;
				CLANG_WARN_EMPTY_BODY = YES;
				CLANG_WARN_ENUM_CONVERSION = YES;
				CLANG_WARN_INT_CONVERSION = YES;
				CLANG_WARN_OBJC_ROOT_CLASS = YES_ERROR;
				CLANG_WARN__DUPLICATE_METHOD_MATCH = YES;
				CODE_SIGN_IDENTITY = "iPhone Developer: Corey Walo (8MPHLHR387)";
				"CODE_SIGN_IDENTITY[sdk=iphoneos*]" = "iPhone Developer: Corey Walo (42423EPDZ8)";
				COPY_PHASE_STRIP = NO;
				GCC_C_LANGUAGE_STANDARD = gnu99;
				GCC_DYNAMIC_NO_PIC = NO;
				GCC_OPTIMIZATION_LEVEL = 0;
				GCC_PREPROCESSOR_DEFINITIONS = (
					"DEBUG=1",
					"$(inherited)",
				);
				GCC_SYMBOLS_PRIVATE_EXTERN = NO;
				GCC_WARN_64_TO_32_BIT_CONVERSION = YES;
				GCC_WARN_ABOUT_RETURN_TYPE = YES_ERROR;
				GCC_WARN_UNDECLARED_SELECTOR = YES;
				GCC_WARN_UNINITIALIZED_AUTOS = YES_AGGRESSIVE;
				GCC_WARN_UNUSED_FUNCTION = YES;
				GCC_WARN_UNUSED_VARIABLE = YES;
				IPHONEOS_DEPLOYMENT_TARGET = 7.0;
				ONLY_ACTIVE_ARCH = YES;
				SDKROOT = iphoneos;
			};
			name = Debug;
		};
		D7F9D169199FE698003CD7D6 /* Release */ = {
			isa = XCBuildConfiguration;
			buildSettings = {
				ALWAYS_SEARCH_USER_PATHS = NO;
				CLANG_CXX_LANGUAGE_STANDARD = "gnu++0x";
				CLANG_CXX_LIBRARY = "libc++";
				CLANG_ENABLE_MODULES = YES;
				CLANG_ENABLE_OBJC_ARC = YES;
				CLANG_WARN_BOOL_CONVERSION = YES;
				CLANG_WARN_CONSTANT_CONVERSION = YES;
				CLANG_WARN_DIRECT_OBJC_ISA_USAGE = YES_ERROR;
				CLANG_WARN_EMPTY_BODY = YES;
				CLANG_WARN_ENUM_CONVERSION = YES;
				CLANG_WARN_INT_CONVERSION = YES;
				CLANG_WARN_OBJC_ROOT_CLASS = YES_ERROR;
				CLANG_WARN__DUPLICATE_METHOD_MATCH = YES;
				CODE_SIGN_IDENTITY = "iPhone Developer: Corey Walo (8MPHLHR387)";
				"CODE_SIGN_IDENTITY[sdk=iphoneos*]" = "iPhone Developer: Corey Walo (42423EPDZ8)";
				COPY_PHASE_STRIP = YES;
				ENABLE_NS_ASSERTIONS = NO;
				GCC_C_LANGUAGE_STANDARD = gnu99;
				GCC_WARN_64_TO_32_BIT_CONVERSION = YES;
				GCC_WARN_ABOUT_RETURN_TYPE = YES_ERROR;
				GCC_WARN_UNDECLARED_SELECTOR = YES;
				GCC_WARN_UNINITIALIZED_AUTOS = YES_AGGRESSIVE;
				GCC_WARN_UNUSED_FUNCTION = YES;
				GCC_WARN_UNUSED_VARIABLE = YES;
				IPHONEOS_DEPLOYMENT_TARGET = 7.0;
				SDKROOT = iphoneos;
				VALIDATE_PRODUCT = YES;
			};
			name = Release;
		};
		D7F9D16B199FE698003CD7D6 /* Debug */ = {
			isa = XCBuildConfiguration;
			buildSettings = {
				ASSETCATALOG_COMPILER_APPICON_NAME = AppIcon;
				ASSETCATALOG_COMPILER_LAUNCHIMAGE_NAME = LaunchImage;
				CODE_SIGN_IDENTITY = "iPhone Developer";
				"CODE_SIGN_IDENTITY[sdk=iphoneos*]" = "iPhone Developer";
				GCC_PRECOMPILE_PREFIX_HEADER = YES;
				GCC_PREFIX_HEADER = "PhenomRBA/PhenomRBA-Prefix.pch";
				INFOPLIST_FILE = "PhenomRBA/PhenomRBA-Info.plist";
				PRODUCT_NAME = PHNM;
				PROVISIONING_PROFILE = "";
				WRAPPER_EXTENSION = app;
			};
			name = Debug;
		};
		D7F9D16C199FE698003CD7D6 /* Release */ = {
			isa = XCBuildConfiguration;
			buildSettings = {
				ASSETCATALOG_COMPILER_APPICON_NAME = AppIcon;
				ASSETCATALOG_COMPILER_LAUNCHIMAGE_NAME = LaunchImage;
				CODE_SIGN_IDENTITY = "iPhone Developer";
				"CODE_SIGN_IDENTITY[sdk=iphoneos*]" = "iPhone Developer";
				GCC_PRECOMPILE_PREFIX_HEADER = YES;
				GCC_PREFIX_HEADER = "PhenomRBA/PhenomRBA-Prefix.pch";
				INFOPLIST_FILE = "PhenomRBA/PhenomRBA-Info.plist";
				PRODUCT_NAME = PHNM;
				PROVISIONING_PROFILE = "";
				WRAPPER_EXTENSION = app;
			};
			name = Release;
		};
		D7F9D16E199FE698003CD7D6 /* Debug */ = {
			isa = XCBuildConfiguration;
			buildSettings = {
				BUNDLE_LOADER = "$(BUILT_PRODUCTS_DIR)/PhenomRBA.app/PhenomRBA";
				FRAMEWORK_SEARCH_PATHS = (
					"$(SDKROOT)/Developer/Library/Frameworks",
					"$(inherited)",
					"$(DEVELOPER_FRAMEWORKS_DIR)",
				);
				GCC_PRECOMPILE_PREFIX_HEADER = YES;
				GCC_PREFIX_HEADER = "PhenomRBA/PhenomRBA-Prefix.pch";
				GCC_PREPROCESSOR_DEFINITIONS = (
					"DEBUG=1",
					"$(inherited)",
				);
				INFOPLIST_FILE = "PhenomRBATests/PhenomRBATests-Info.plist";
				ONLY_ACTIVE_ARCH = NO;
				PRODUCT_NAME = PhenomRBATests;
				TEST_HOST = "$(BUNDLE_LOADER)";
				WRAPPER_EXTENSION = xctest;
			};
			name = Debug;
		};
		D7F9D16F199FE698003CD7D6 /* Release */ = {
			isa = XCBuildConfiguration;
			buildSettings = {
				BUNDLE_LOADER = "$(BUILT_PRODUCTS_DIR)/PhenomRBA.app/PhenomRBA";
				FRAMEWORK_SEARCH_PATHS = (
					"$(SDKROOT)/Developer/Library/Frameworks",
					"$(inherited)",
					"$(DEVELOPER_FRAMEWORKS_DIR)",
				);
				GCC_PRECOMPILE_PREFIX_HEADER = YES;
				GCC_PREFIX_HEADER = "PhenomRBA/PhenomRBA-Prefix.pch";
				INFOPLIST_FILE = "PhenomRBATests/PhenomRBATests-Info.plist";
				PRODUCT_NAME = PhenomRBATests;
				TEST_HOST = "$(BUNDLE_LOADER)";
				WRAPPER_EXTENSION = xctest;
			};
			name = Release;
		};
/* End XCBuildConfiguration section */

/* Begin XCConfigurationList section */
		D7F9D133199FE697003CD7D6 /* Build configuration list for PBXProject "PHNM" */ = {
			isa = XCConfigurationList;
			buildConfigurations = (
				D7F9D168199FE698003CD7D6 /* Debug */,
				D7F9D169199FE698003CD7D6 /* Release */,
			);
			defaultConfigurationIsVisible = 0;
			defaultConfigurationName = Release;
		};
		D7F9D16A199FE698003CD7D6 /* Build configuration list for PBXNativeTarget "PhenomRBA" */ = {
			isa = XCConfigurationList;
			buildConfigurations = (
				D7F9D16B199FE698003CD7D6 /* Debug */,
				D7F9D16C199FE698003CD7D6 /* Release */,
			);
			defaultConfigurationIsVisible = 0;
			defaultConfigurationName = Release;
		};
		D7F9D16D199FE698003CD7D6 /* Build configuration list for PBXNativeTarget "PhenomRBATests" */ = {
			isa = XCConfigurationList;
			buildConfigurations = (
				D7F9D16E199FE698003CD7D6 /* Debug */,
				D7F9D16F199FE698003CD7D6 /* Release */,
			);
			defaultConfigurationIsVisible = 0;
			defaultConfigurationName = Release;
		};
/* End XCConfigurationList section */
	};
	rootObject = D7F9D130199FE697003CD7D6 /* Project object */;
}
